// !$*UTF8*$!
{
	archiveVersion = 1;
	classes = {
	};
	objectVersion = 50;
	objects = {

/* Begin PBXBuildFile section */
		4304670025F46C67003A96E5 /* FavoriteViewController.swift in Sources */ = {isa = PBXBuildFile; fileRef = 430466FF25F46C67003A96E5 /* FavoriteViewController.swift */; };
		4304671025F4727A003A96E5 /* FavoriteCell.swift in Sources */ = {isa = PBXBuildFile; fileRef = 4304670F25F4727A003A96E5 /* FavoriteCell.swift */; };
		430A351F25ED95AE00497446 /* CommentViewController.swift in Sources */ = {isa = PBXBuildFile; fileRef = 430A351D25ED95AE00497446 /* CommentViewController.swift */; };
		430A352025ED95AE00497446 /* CommentViewController.xib in Resources */ = {isa = PBXBuildFile; fileRef = 430A351E25ED95AE00497446 /* CommentViewController.xib */; };
		4332EE7925EC4A590089C7BE /* DetailViewController.swift in Sources */ = {isa = PBXBuildFile; fileRef = 4332EE7725EC4A590089C7BE /* DetailViewController.swift */; };
		4332EE7A25EC4A590089C7BE /* DetailViewController.xib in Resources */ = {isa = PBXBuildFile; fileRef = 4332EE7825EC4A590089C7BE /* DetailViewController.xib */; };
		433803FC25E705E800135E71 /* SpotScrollView.xib in Resources */ = {isa = PBXBuildFile; fileRef = 433803FB25E705E800135E71 /* SpotScrollView.xib */; };
		4338040025E708BA00135E71 /* SpotScrollView.swift in Sources */ = {isa = PBXBuildFile; fileRef = 433803FF25E708BA00135E71 /* SpotScrollView.swift */; };
		4338040625E80F0A00135E71 /* HomeContent.swift in Sources */ = {isa = PBXBuildFile; fileRef = 4338040525E80F0A00135E71 /* HomeContent.swift */; };
		434212EA25ED6F7B00F3D879 /* CommentScrollView.swift in Sources */ = {isa = PBXBuildFile; fileRef = 434212E925ED6F7B00F3D879 /* CommentScrollView.swift */; };
		434212F225ED6FC000F3D879 /* CommentScrollView.xib in Resources */ = {isa = PBXBuildFile; fileRef = 434212F125ED6FC000F3D879 /* CommentScrollView.xib */; };
		43A729C325ED5BA00071592E /* CommentCell.swift in Sources */ = {isa = PBXBuildFile; fileRef = 43A729C225ED5BA00071592E /* CommentCell.swift */; };
		43AA7C2B25E5F1CA0029BDA2 /* SpotCell.swift in Sources */ = {isa = PBXBuildFile; fileRef = 43AA7C2A25E5F1CA0029BDA2 /* SpotCell.swift */; };
		43AA7C3125E5F1F40029BDA2 /* SpotCell.xib in Resources */ = {isa = PBXBuildFile; fileRef = 43AA7C3025E5F1F40029BDA2 /* SpotCell.xib */; };
		43CCB97725E19B6D00608108 /* AppDelegate.swift in Sources */ = {isa = PBXBuildFile; fileRef = 43CCB97625E19B6D00608108 /* AppDelegate.swift */; };
		43CCB97925E19B6D00608108 /* SceneDelegate.swift in Sources */ = {isa = PBXBuildFile; fileRef = 43CCB97825E19B6D00608108 /* SceneDelegate.swift */; };
		43CCB97B25E19B6D00608108 /* HomeViewController.swift in Sources */ = {isa = PBXBuildFile; fileRef = 43CCB97A25E19B6D00608108 /* HomeViewController.swift */; };
		43CCB97E25E19B6D00608108 /* Main.storyboard in Resources */ = {isa = PBXBuildFile; fileRef = 43CCB97C25E19B6D00608108 /* Main.storyboard */; };
		43CCB98025E19B6E00608108 /* Assets.xcassets in Resources */ = {isa = PBXBuildFile; fileRef = 43CCB97F25E19B6E00608108 /* Assets.xcassets */; };
		43CCB98325E19B6E00608108 /* LaunchScreen.storyboard in Resources */ = {isa = PBXBuildFile; fileRef = 43CCB98125E19B6E00608108 /* LaunchScreen.storyboard */; };
		43CCB98D25E19CD100608108 /* Persistence.swift in Sources */ = {isa = PBXBuildFile; fileRef = 43CCB98C25E19CD100608108 /* Persistence.swift */; };
		43CCB99625E19D3500608108 /* Spot.swift in Sources */ = {isa = PBXBuildFile; fileRef = 43CCB99525E19D3500608108 /* Spot.swift */; };
		43CCB99A25E19D7C00608108 /* Nice_Spot.xcdatamodeld in Sources */ = {isa = PBXBuildFile; fileRef = 43CCB99825E19D7C00608108 /* Nice_Spot.xcdatamodeld */; };
		43CCB9AE25E19EC600608108 /* SpotTests.swift in Sources */ = {isa = PBXBuildFile; fileRef = 43CCB9AD25E19EC600608108 /* SpotTests.swift */; };
		43CCB9B225E19EF500608108 /* FakeData.swift in Sources */ = {isa = PBXBuildFile; fileRef = 43CCB9B125E19EF500608108 /* FakeData.swift */; };
		43CCB9B625E19F2D00608108 /* ImageManager.swift in Sources */ = {isa = PBXBuildFile; fileRef = 43CCB9B525E19F2D00608108 /* ImageManager.swift */; };
		43CCB9BE25E19F9900608108 /* CloudKit.framework in Frameworks */ = {isa = PBXBuildFile; fileRef = 43CCB9BD25E19F9900608108 /* CloudKit.framework */; };
		43CCB9C225E1A32800608108 /* Favorite.swift in Sources */ = {isa = PBXBuildFile; fileRef = 43CCB9C125E1A32800608108 /* Favorite.swift */; };
		43CCB9C825E1A3E200608108 /* FavoriteTests.swift in Sources */ = {isa = PBXBuildFile; fileRef = 43CCB9C725E1A3E200608108 /* FavoriteTests.swift */; };
		43CCB9CC25E1A4DC00608108 /* Comment.swift in Sources */ = {isa = PBXBuildFile; fileRef = 43CCB9CB25E1A4DC00608108 /* Comment.swift */; };
		43CCB9D225E1A50800608108 /* CommentTests.swift in Sources */ = {isa = PBXBuildFile; fileRef = 43CCB9D125E1A50800608108 /* CommentTests.swift */; };
		43F08CFE25ED5E4C0023BF08 /* CommentCell.xib in Resources */ = {isa = PBXBuildFile; fileRef = 43F08CFD25ED5E4C0023BF08 /* CommentCell.xib */; };
		43F217DE25E82F2A000E4592 /* DetailContent.swift in Sources */ = {isa = PBXBuildFile; fileRef = 43F217DD25E82F2A000E4592 /* DetailContent.swift */; };
/* End PBXBuildFile section */

/* Begin PBXContainerItemProxy section */
		43CCB9A625E19E9600608108 /* PBXContainerItemProxy */ = {
			isa = PBXContainerItemProxy;
			containerPortal = 43CCB96B25E19B6D00608108 /* Project object */;
			proxyType = 1;
			remoteGlobalIDString = 43CCB97225E19B6D00608108;
			remoteInfo = Nice_Spot;
		};
/* End PBXContainerItemProxy section */

/* Begin PBXFileReference section */
		430466FF25F46C67003A96E5 /* FavoriteViewController.swift */ = {isa = PBXFileReference; lastKnownFileType = sourcecode.swift; path = FavoriteViewController.swift; sourceTree = "<group>"; };
		4304670F25F4727A003A96E5 /* FavoriteCell.swift */ = {isa = PBXFileReference; lastKnownFileType = sourcecode.swift; path = FavoriteCell.swift; sourceTree = "<group>"; };
		430A351D25ED95AE00497446 /* CommentViewController.swift */ = {isa = PBXFileReference; lastKnownFileType = sourcecode.swift; path = CommentViewController.swift; sourceTree = "<group>"; };
		430A351E25ED95AE00497446 /* CommentViewController.xib */ = {isa = PBXFileReference; lastKnownFileType = file.xib; path = CommentViewController.xib; sourceTree = "<group>"; };
		4332EE7725EC4A590089C7BE /* DetailViewController.swift */ = {isa = PBXFileReference; lastKnownFileType = sourcecode.swift; path = DetailViewController.swift; sourceTree = "<group>"; };
		4332EE7825EC4A590089C7BE /* DetailViewController.xib */ = {isa = PBXFileReference; lastKnownFileType = file.xib; path = DetailViewController.xib; sourceTree = "<group>"; };
		433803FB25E705E800135E71 /* SpotScrollView.xib */ = {isa = PBXFileReference; lastKnownFileType = file.xib; path = SpotScrollView.xib; sourceTree = "<group>"; };
		433803FF25E708BA00135E71 /* SpotScrollView.swift */ = {isa = PBXFileReference; lastKnownFileType = sourcecode.swift; path = SpotScrollView.swift; sourceTree = "<group>"; };
		4338040525E80F0A00135E71 /* HomeContent.swift */ = {isa = PBXFileReference; lastKnownFileType = sourcecode.swift; path = HomeContent.swift; sourceTree = "<group>"; };
		434212E925ED6F7B00F3D879 /* CommentScrollView.swift */ = {isa = PBXFileReference; lastKnownFileType = sourcecode.swift; path = CommentScrollView.swift; sourceTree = "<group>"; };
		434212F125ED6FC000F3D879 /* CommentScrollView.xib */ = {isa = PBXFileReference; lastKnownFileType = file.xib; path = CommentScrollView.xib; sourceTree = "<group>"; };
		43A729C225ED5BA00071592E /* CommentCell.swift */ = {isa = PBXFileReference; lastKnownFileType = sourcecode.swift; path = CommentCell.swift; sourceTree = "<group>"; };
		43AA7C2A25E5F1CA0029BDA2 /* SpotCell.swift */ = {isa = PBXFileReference; lastKnownFileType = sourcecode.swift; path = SpotCell.swift; sourceTree = "<group>"; };
		43AA7C3025E5F1F40029BDA2 /* SpotCell.xib */ = {isa = PBXFileReference; lastKnownFileType = file.xib; path = SpotCell.xib; sourceTree = "<group>"; };
		43CCB97325E19B6D00608108 /* Nice_Spot.app */ = {isa = PBXFileReference; explicitFileType = wrapper.application; includeInIndex = 0; path = Nice_Spot.app; sourceTree = BUILT_PRODUCTS_DIR; };
		43CCB97625E19B6D00608108 /* AppDelegate.swift */ = {isa = PBXFileReference; lastKnownFileType = sourcecode.swift; path = AppDelegate.swift; sourceTree = "<group>"; };
		43CCB97825E19B6D00608108 /* SceneDelegate.swift */ = {isa = PBXFileReference; lastKnownFileType = sourcecode.swift; path = SceneDelegate.swift; sourceTree = "<group>"; };
		43CCB97A25E19B6D00608108 /* HomeViewController.swift */ = {isa = PBXFileReference; lastKnownFileType = sourcecode.swift; path = HomeViewController.swift; sourceTree = "<group>"; };
		43CCB97D25E19B6D00608108 /* Base */ = {isa = PBXFileReference; lastKnownFileType = file.storyboard; name = Base; path = Base.lproj/Main.storyboard; sourceTree = "<group>"; };
		43CCB97F25E19B6E00608108 /* Assets.xcassets */ = {isa = PBXFileReference; lastKnownFileType = folder.assetcatalog; path = Assets.xcassets; sourceTree = "<group>"; };
		43CCB98225E19B6E00608108 /* Base */ = {isa = PBXFileReference; lastKnownFileType = file.storyboard; name = Base; path = Base.lproj/LaunchScreen.storyboard; sourceTree = "<group>"; };
		43CCB98425E19B6E00608108 /* Info.plist */ = {isa = PBXFileReference; lastKnownFileType = text.plist.xml; path = Info.plist; sourceTree = "<group>"; };
		43CCB98C25E19CD100608108 /* Persistence.swift */ = {isa = PBXFileReference; lastKnownFileType = sourcecode.swift; path = Persistence.swift; sourceTree = "<group>"; };
		43CCB99525E19D3500608108 /* Spot.swift */ = {isa = PBXFileReference; lastKnownFileType = sourcecode.swift; path = Spot.swift; sourceTree = "<group>"; };
		43CCB99925E19D7C00608108 /* Nice_Spot.xcdatamodel */ = {isa = PBXFileReference; lastKnownFileType = wrapper.xcdatamodel; path = Nice_Spot.xcdatamodel; sourceTree = "<group>"; };
		43CCB9A125E19E9600608108 /* Nice_SpotTests.xctest */ = {isa = PBXFileReference; explicitFileType = wrapper.cfbundle; includeInIndex = 0; path = Nice_SpotTests.xctest; sourceTree = BUILT_PRODUCTS_DIR; };
		43CCB9A525E19E9600608108 /* Info.plist */ = {isa = PBXFileReference; lastKnownFileType = text.plist.xml; path = Info.plist; sourceTree = "<group>"; };
		43CCB9AD25E19EC600608108 /* SpotTests.swift */ = {isa = PBXFileReference; lastKnownFileType = sourcecode.swift; path = SpotTests.swift; sourceTree = "<group>"; };
		43CCB9B125E19EF500608108 /* FakeData.swift */ = {isa = PBXFileReference; lastKnownFileType = sourcecode.swift; path = FakeData.swift; sourceTree = "<group>"; };
		43CCB9B525E19F2D00608108 /* ImageManager.swift */ = {isa = PBXFileReference; lastKnownFileType = sourcecode.swift; path = ImageManager.swift; sourceTree = "<group>"; };
		43CCB9B925E19F9000608108 /* Nice_Spot.entitlements */ = {isa = PBXFileReference; lastKnownFileType = text.plist.entitlements; path = Nice_Spot.entitlements; sourceTree = "<group>"; };
		43CCB9BD25E19F9900608108 /* CloudKit.framework */ = {isa = PBXFileReference; lastKnownFileType = wrapper.framework; name = CloudKit.framework; path = System/Library/Frameworks/CloudKit.framework; sourceTree = SDKROOT; };
		43CCB9C125E1A32800608108 /* Favorite.swift */ = {isa = PBXFileReference; lastKnownFileType = sourcecode.swift; path = Favorite.swift; sourceTree = "<group>"; };
		43CCB9C725E1A3E200608108 /* FavoriteTests.swift */ = {isa = PBXFileReference; lastKnownFileType = sourcecode.swift; path = FavoriteTests.swift; sourceTree = "<group>"; };
		43CCB9CB25E1A4DC00608108 /* Comment.swift */ = {isa = PBXFileReference; lastKnownFileType = sourcecode.swift; path = Comment.swift; sourceTree = "<group>"; };
		43CCB9D125E1A50800608108 /* CommentTests.swift */ = {isa = PBXFileReference; lastKnownFileType = sourcecode.swift; path = CommentTests.swift; sourceTree = "<group>"; };
		43F08CFD25ED5E4C0023BF08 /* CommentCell.xib */ = {isa = PBXFileReference; lastKnownFileType = file.xib; path = CommentCell.xib; sourceTree = "<group>"; };
		43F217DD25E82F2A000E4592 /* DetailContent.swift */ = {isa = PBXFileReference; lastKnownFileType = sourcecode.swift; path = DetailContent.swift; sourceTree = "<group>"; };
/* End PBXFileReference section */

/* Begin PBXFrameworksBuildPhase section */
		43CCB97025E19B6D00608108 /* Frameworks */ = {
			isa = PBXFrameworksBuildPhase;
			buildActionMask = 2147483647;
			files = (
				43CCB9BE25E19F9900608108 /* CloudKit.framework in Frameworks */,
			);
			runOnlyForDeploymentPostprocessing = 0;
		};
		43CCB99E25E19E9600608108 /* Frameworks */ = {
			isa = PBXFrameworksBuildPhase;
			buildActionMask = 2147483647;
			files = (
			);
			runOnlyForDeploymentPostprocessing = 0;
		};
/* End PBXFrameworksBuildPhase section */

/* Begin PBXGroup section */
		434212F725ED77D700F3D879 /* Comment */ = {
			isa = PBXGroup;
			children = (
				43F08CFD25ED5E4C0023BF08 /* CommentCell.xib */,
				43A729C225ED5BA00071592E /* CommentCell.swift */,
				434212F125ED6FC000F3D879 /* CommentScrollView.xib */,
				434212E925ED6F7B00F3D879 /* CommentScrollView.swift */,
				430A351E25ED95AE00497446 /* CommentViewController.xib */,
				430A351D25ED95AE00497446 /* CommentViewController.swift */,
			);
			path = Comment;
			sourceTree = "<group>";
		};
		434212F825ED77F700F3D879 /* Spot */ = {
			isa = PBXGroup;
			children = (
				43AA7C3025E5F1F40029BDA2 /* SpotCell.xib */,
				43AA7C2A25E5F1CA0029BDA2 /* SpotCell.swift */,
				433803FB25E705E800135E71 /* SpotScrollView.xib */,
				433803FF25E708BA00135E71 /* SpotScrollView.swift */,
			);
			path = Spot;
			sourceTree = "<group>";
		};
		43CCB96A25E19B6D00608108 = {
			isa = PBXGroup;
			children = (
				43CCB97525E19B6D00608108 /* Nice_Spot */,
				43CCB9A225E19E9600608108 /* Nice_SpotTests */,
				43CCB97425E19B6D00608108 /* Products */,
				43CCB9BC25E19F9900608108 /* Frameworks */,
			);
			sourceTree = "<group>";
		};
		43CCB97425E19B6D00608108 /* Products */ = {
			isa = PBXGroup;
			children = (
				43CCB97325E19B6D00608108 /* Nice_Spot.app */,
				43CCB9A125E19E9600608108 /* Nice_SpotTests.xctest */,
			);
			name = Products;
			sourceTree = "<group>";
		};
		43CCB97525E19B6D00608108 /* Nice_Spot */ = {
			isa = PBXGroup;
			children = (
				43CCB9D625E1A57F00608108 /* View */,
				43CCB9D525E1A57900608108 /* Controller */,
				43CCB98F25E19CEA00608108 /* Model */,
				43CCB9D825E1A5FC00608108 /* Supporting files */,
			);
			path = Nice_Spot;
			sourceTree = "<group>";
		};
		43CCB98F25E19CEA00608108 /* Model */ = {
			isa = PBXGroup;
			children = (
				43CCB99525E19D3500608108 /* Spot.swift */,
				43CCB9C125E1A32800608108 /* Favorite.swift */,
				43CCB9CB25E1A4DC00608108 /* Comment.swift */,
				43CCB98C25E19CD100608108 /* Persistence.swift */,
				43CCB9B525E19F2D00608108 /* ImageManager.swift */,
				43CCB99825E19D7C00608108 /* Nice_Spot.xcdatamodeld */,
			);
			path = Model;
			sourceTree = "<group>";
		};
		43CCB9A225E19E9600608108 /* Nice_SpotTests */ = {
			isa = PBXGroup;
			children = (
				43CCB9AD25E19EC600608108 /* SpotTests.swift */,
				43CCB9C725E1A3E200608108 /* FavoriteTests.swift */,
				43CCB9D125E1A50800608108 /* CommentTests.swift */,
				43CCB9B125E19EF500608108 /* FakeData.swift */,
				43CCB9A525E19E9600608108 /* Info.plist */,
			);
			path = Nice_SpotTests;
			sourceTree = "<group>";
		};
		43CCB9BC25E19F9900608108 /* Frameworks */ = {
			isa = PBXGroup;
			children = (
				43CCB9BD25E19F9900608108 /* CloudKit.framework */,
			);
			name = Frameworks;
			sourceTree = "<group>";
		};
		43CCB9D525E1A57900608108 /* Controller */ = {
			isa = PBXGroup;
			children = (
				43CCB97A25E19B6D00608108 /* HomeViewController.swift */,
				430466FF25F46C67003A96E5 /* FavoriteViewController.swift */,
				4338040525E80F0A00135E71 /* HomeContent.swift */,
				43F217DD25E82F2A000E4592 /* DetailContent.swift */,
			);
			path = Controller;
			sourceTree = "<group>";
		};
		43CCB9D625E1A57F00608108 /* View */ = {
			isa = PBXGroup;
			children = (
				434212F725ED77D700F3D879 /* Comment */,
				434212F825ED77F700F3D879 /* Spot */,
				4332EE7825EC4A590089C7BE /* DetailViewController.xib */,
				4332EE7725EC4A590089C7BE /* DetailViewController.swift */,
				43CCB97C25E19B6D00608108 /* Main.storyboard */,
				4304670F25F4727A003A96E5 /* FavoriteCell.swift */,
				43CCB98125E19B6E00608108 /* LaunchScreen.storyboard */,
			);
			path = View;
			sourceTree = "<group>";
		};
		43CCB9D825E1A5FC00608108 /* Supporting files */ = {
			isa = PBXGroup;
			children = (
				43CCB9B925E19F9000608108 /* Nice_Spot.entitlements */,
				43CCB98425E19B6E00608108 /* Info.plist */,
				43CCB97625E19B6D00608108 /* AppDelegate.swift */,
				43CCB97825E19B6D00608108 /* SceneDelegate.swift */,
				43CCB97F25E19B6E00608108 /* Assets.xcassets */,
			);
			path = "Supporting files";
			sourceTree = "<group>";
		};
/* End PBXGroup section */

/* Begin PBXNativeTarget section */
		43CCB97225E19B6D00608108 /* Nice_Spot */ = {
			isa = PBXNativeTarget;
			buildConfigurationList = 43CCB98725E19B6E00608108 /* Build configuration list for PBXNativeTarget "Nice_Spot" */;
			buildPhases = (
				43CCB96F25E19B6D00608108 /* Sources */,
				43CCB97025E19B6D00608108 /* Frameworks */,
				43CCB97125E19B6D00608108 /* Resources */,
			);
			buildRules = (
			);
			dependencies = (
			);
			name = Nice_Spot;
			productName = Nice_Spot;
			productReference = 43CCB97325E19B6D00608108 /* Nice_Spot.app */;
			productType = "com.apple.product-type.application";
		};
		43CCB9A025E19E9600608108 /* Nice_SpotTests */ = {
			isa = PBXNativeTarget;
			buildConfigurationList = 43CCB9A825E19E9600608108 /* Build configuration list for PBXNativeTarget "Nice_SpotTests" */;
			buildPhases = (
				43CCB99D25E19E9600608108 /* Sources */,
				43CCB99E25E19E9600608108 /* Frameworks */,
				43CCB99F25E19E9600608108 /* Resources */,
			);
			buildRules = (
			);
			dependencies = (
				43CCB9A725E19E9600608108 /* PBXTargetDependency */,
			);
			name = Nice_SpotTests;
			productName = Nice_SpotTests;
			productReference = 43CCB9A125E19E9600608108 /* Nice_SpotTests.xctest */;
			productType = "com.apple.product-type.bundle.unit-test";
		};
/* End PBXNativeTarget section */

/* Begin PBXProject section */
		43CCB96B25E19B6D00608108 /* Project object */ = {
			isa = PBXProject;
			attributes = {
				LastSwiftUpdateCheck = 1240;
				LastUpgradeCheck = 1240;
				TargetAttributes = {
					43CCB97225E19B6D00608108 = {
						CreatedOnToolsVersion = 12.4;
					};
					43CCB9A025E19E9600608108 = {
						CreatedOnToolsVersion = 12.4;
						TestTargetID = 43CCB97225E19B6D00608108;
					};
				};
			};
			buildConfigurationList = 43CCB96E25E19B6D00608108 /* Build configuration list for PBXProject "Nice_Spot" */;
			compatibilityVersion = "Xcode 9.3";
			developmentRegion = en;
			hasScannedForEncodings = 0;
			knownRegions = (
				en,
				Base,
			);
			mainGroup = 43CCB96A25E19B6D00608108;
			productRefGroup = 43CCB97425E19B6D00608108 /* Products */;
			projectDirPath = "";
			projectRoot = "";
			targets = (
				43CCB97225E19B6D00608108 /* Nice_Spot */,
				43CCB9A025E19E9600608108 /* Nice_SpotTests */,
			);
		};
/* End PBXProject section */

/* Begin PBXResourcesBuildPhase section */
		43CCB97125E19B6D00608108 /* Resources */ = {
			isa = PBXResourcesBuildPhase;
			buildActionMask = 2147483647;
			files = (
				430A352025ED95AE00497446 /* CommentViewController.xib in Resources */,
				43CCB98325E19B6E00608108 /* LaunchScreen.storyboard in Resources */,
				43CCB98025E19B6E00608108 /* Assets.xcassets in Resources */,
				4332EE7A25EC4A590089C7BE /* DetailViewController.xib in Resources */,
				434212F225ED6FC000F3D879 /* CommentScrollView.xib in Resources */,
				43F08CFE25ED5E4C0023BF08 /* CommentCell.xib in Resources */,
				43CCB97E25E19B6D00608108 /* Main.storyboard in Resources */,
				43AA7C3125E5F1F40029BDA2 /* SpotCell.xib in Resources */,
				433803FC25E705E800135E71 /* SpotScrollView.xib in Resources */,
			);
			runOnlyForDeploymentPostprocessing = 0;
		};
		43CCB99F25E19E9600608108 /* Resources */ = {
			isa = PBXResourcesBuildPhase;
			buildActionMask = 2147483647;
			files = (
			);
			runOnlyForDeploymentPostprocessing = 0;
		};
/* End PBXResourcesBuildPhase section */

/* Begin PBXSourcesBuildPhase section */
		43CCB96F25E19B6D00608108 /* Sources */ = {
			isa = PBXSourcesBuildPhase;
			buildActionMask = 2147483647;
			files = (
				43AA7C2B25E5F1CA0029BDA2 /* SpotCell.swift in Sources */,
				43CCB99A25E19D7C00608108 /* Nice_Spot.xcdatamodeld in Sources */,
				43CCB9C225E1A32800608108 /* Favorite.swift in Sources */,
				43CCB97B25E19B6D00608108 /* HomeViewController.swift in Sources */,
				43CCB9B625E19F2D00608108 /* ImageManager.swift in Sources */,
				430A351F25ED95AE00497446 /* CommentViewController.swift in Sources */,
				43CCB98D25E19CD100608108 /* Persistence.swift in Sources */,
				43CCB99625E19D3500608108 /* Spot.swift in Sources */,
				4338040025E708BA00135E71 /* SpotScrollView.swift in Sources */,
				4338040625E80F0A00135E71 /* HomeContent.swift in Sources */,
				43CCB97725E19B6D00608108 /* AppDelegate.swift in Sources */,
				4304670025F46C67003A96E5 /* FavoriteViewController.swift in Sources */,
				434212EA25ED6F7B00F3D879 /* CommentScrollView.swift in Sources */,
				43CCB9CC25E1A4DC00608108 /* Comment.swift in Sources */,
				43A729C325ED5BA00071592E /* CommentCell.swift in Sources */,
				4304671025F4727A003A96E5 /* FavoriteCell.swift in Sources */,
				4332EE7925EC4A590089C7BE /* DetailViewController.swift in Sources */,
				43CCB97925E19B6D00608108 /* SceneDelegate.swift in Sources */,
				43F217DE25E82F2A000E4592 /* DetailContent.swift in Sources */,
			);
			runOnlyForDeploymentPostprocessing = 0;
		};
		43CCB99D25E19E9600608108 /* Sources */ = {
			isa = PBXSourcesBuildPhase;
			buildActionMask = 2147483647;
			files = (
				43CCB9C825E1A3E200608108 /* FavoriteTests.swift in Sources */,
				43CCB9B225E19EF500608108 /* FakeData.swift in Sources */,
				43CCB9AE25E19EC600608108 /* SpotTests.swift in Sources */,
				43CCB9D225E1A50800608108 /* CommentTests.swift in Sources */,
			);
			runOnlyForDeploymentPostprocessing = 0;
		};
/* End PBXSourcesBuildPhase section */

/* Begin PBXTargetDependency section */
		43CCB9A725E19E9600608108 /* PBXTargetDependency */ = {
			isa = PBXTargetDependency;
			target = 43CCB97225E19B6D00608108 /* Nice_Spot */;
			targetProxy = 43CCB9A625E19E9600608108 /* PBXContainerItemProxy */;
		};
/* End PBXTargetDependency section */

/* Begin PBXVariantGroup section */
		43CCB97C25E19B6D00608108 /* Main.storyboard */ = {
			isa = PBXVariantGroup;
			children = (
				43CCB97D25E19B6D00608108 /* Base */,
			);
			name = Main.storyboard;
			sourceTree = "<group>";
		};
		43CCB98125E19B6E00608108 /* LaunchScreen.storyboard */ = {
			isa = PBXVariantGroup;
			children = (
				43CCB98225E19B6E00608108 /* Base */,
			);
			name = LaunchScreen.storyboard;
			sourceTree = "<group>";
		};
/* End PBXVariantGroup section */

/* Begin XCBuildConfiguration section */
		43CCB98525E19B6E00608108 /* Debug */ = {
			isa = XCBuildConfiguration;
			buildSettings = {
				ALWAYS_SEARCH_USER_PATHS = NO;
				CLANG_ANALYZER_NONNULL = YES;
				CLANG_ANALYZER_NUMBER_OBJECT_CONVERSION = YES_AGGRESSIVE;
				CLANG_CXX_LANGUAGE_STANDARD = "gnu++14";
				CLANG_CXX_LIBRARY = "libc++";
				CLANG_ENABLE_MODULES = YES;
				CLANG_ENABLE_OBJC_ARC = YES;
				CLANG_ENABLE_OBJC_WEAK = YES;
				CLANG_WARN_BLOCK_CAPTURE_AUTORELEASING = YES;
				CLANG_WARN_BOOL_CONVERSION = YES;
				CLANG_WARN_COMMA = YES;
				CLANG_WARN_CONSTANT_CONVERSION = YES;
				CLANG_WARN_DEPRECATED_OBJC_IMPLEMENTATIONS = YES;
				CLANG_WARN_DIRECT_OBJC_ISA_USAGE = YES_ERROR;
				CLANG_WARN_DOCUMENTATION_COMMENTS = YES;
				CLANG_WARN_EMPTY_BODY = YES;
				CLANG_WARN_ENUM_CONVERSION = YES;
				CLANG_WARN_INFINITE_RECURSION = YES;
				CLANG_WARN_INT_CONVERSION = YES;
				CLANG_WARN_NON_LITERAL_NULL_CONVERSION = YES;
				CLANG_WARN_OBJC_IMPLICIT_RETAIN_SELF = YES;
				CLANG_WARN_OBJC_LITERAL_CONVERSION = YES;
				CLANG_WARN_OBJC_ROOT_CLASS = YES_ERROR;
				CLANG_WARN_QUOTED_INCLUDE_IN_FRAMEWORK_HEADER = YES;
				CLANG_WARN_RANGE_LOOP_ANALYSIS = YES;
				CLANG_WARN_STRICT_PROTOTYPES = YES;
				CLANG_WARN_SUSPICIOUS_MOVE = YES;
				CLANG_WARN_UNGUARDED_AVAILABILITY = YES_AGGRESSIVE;
				CLANG_WARN_UNREACHABLE_CODE = YES;
				CLANG_WARN__DUPLICATE_METHOD_MATCH = YES;
				COPY_PHASE_STRIP = NO;
				DEBUG_INFORMATION_FORMAT = dwarf;
				ENABLE_STRICT_OBJC_MSGSEND = YES;
				ENABLE_TESTABILITY = YES;
				GCC_C_LANGUAGE_STANDARD = gnu11;
				GCC_DYNAMIC_NO_PIC = NO;
				GCC_NO_COMMON_BLOCKS = YES;
				GCC_OPTIMIZATION_LEVEL = 0;
				GCC_PREPROCESSOR_DEFINITIONS = (
					"DEBUG=1",
					"$(inherited)",
				);
				GCC_WARN_64_TO_32_BIT_CONVERSION = YES;
				GCC_WARN_ABOUT_RETURN_TYPE = YES_ERROR;
				GCC_WARN_UNDECLARED_SELECTOR = YES;
				GCC_WARN_UNINITIALIZED_AUTOS = YES_AGGRESSIVE;
				GCC_WARN_UNUSED_FUNCTION = YES;
				GCC_WARN_UNUSED_VARIABLE = YES;
				IPHONEOS_DEPLOYMENT_TARGET = 10.0;
				MTL_ENABLE_DEBUG_INFO = INCLUDE_SOURCE;
				MTL_FAST_MATH = YES;
				ONLY_ACTIVE_ARCH = YES;
				SDKROOT = iphoneos;
				SWIFT_ACTIVE_COMPILATION_CONDITIONS = DEBUG;
				SWIFT_OPTIMIZATION_LEVEL = "-Onone";
			};
			name = Debug;
		};
		43CCB98625E19B6E00608108 /* Release */ = {
			isa = XCBuildConfiguration;
			buildSettings = {
				ALWAYS_SEARCH_USER_PATHS = NO;
				CLANG_ANALYZER_NONNULL = YES;
				CLANG_ANALYZER_NUMBER_OBJECT_CONVERSION = YES_AGGRESSIVE;
				CLANG_CXX_LANGUAGE_STANDARD = "gnu++14";
				CLANG_CXX_LIBRARY = "libc++";
				CLANG_ENABLE_MODULES = YES;
				CLANG_ENABLE_OBJC_ARC = YES;
				CLANG_ENABLE_OBJC_WEAK = YES;
				CLANG_WARN_BLOCK_CAPTURE_AUTORELEASING = YES;
				CLANG_WARN_BOOL_CONVERSION = YES;
				CLANG_WARN_COMMA = YES;
				CLANG_WARN_CONSTANT_CONVERSION = YES;
				CLANG_WARN_DEPRECATED_OBJC_IMPLEMENTATIONS = YES;
				CLANG_WARN_DIRECT_OBJC_ISA_USAGE = YES_ERROR;
				CLANG_WARN_DOCUMENTATION_COMMENTS = YES;
				CLANG_WARN_EMPTY_BODY = YES;
				CLANG_WARN_ENUM_CONVERSION = YES;
				CLANG_WARN_INFINITE_RECURSION = YES;
				CLANG_WARN_INT_CONVERSION = YES;
				CLANG_WARN_NON_LITERAL_NULL_CONVERSION = YES;
				CLANG_WARN_OBJC_IMPLICIT_RETAIN_SELF = YES;
				CLANG_WARN_OBJC_LITERAL_CONVERSION = YES;
				CLANG_WARN_OBJC_ROOT_CLASS = YES_ERROR;
				CLANG_WARN_QUOTED_INCLUDE_IN_FRAMEWORK_HEADER = YES;
				CLANG_WARN_RANGE_LOOP_ANALYSIS = YES;
				CLANG_WARN_STRICT_PROTOTYPES = YES;
				CLANG_WARN_SUSPICIOUS_MOVE = YES;
				CLANG_WARN_UNGUARDED_AVAILABILITY = YES_AGGRESSIVE;
				CLANG_WARN_UNREACHABLE_CODE = YES;
				CLANG_WARN__DUPLICATE_METHOD_MATCH = YES;
				COPY_PHASE_STRIP = NO;
				DEBUG_INFORMATION_FORMAT = "dwarf-with-dsym";
				ENABLE_NS_ASSERTIONS = NO;
				ENABLE_STRICT_OBJC_MSGSEND = YES;
				GCC_C_LANGUAGE_STANDARD = gnu11;
				GCC_NO_COMMON_BLOCKS = YES;
				GCC_WARN_64_TO_32_BIT_CONVERSION = YES;
				GCC_WARN_ABOUT_RETURN_TYPE = YES_ERROR;
				GCC_WARN_UNDECLARED_SELECTOR = YES;
				GCC_WARN_UNINITIALIZED_AUTOS = YES_AGGRESSIVE;
				GCC_WARN_UNUSED_FUNCTION = YES;
				GCC_WARN_UNUSED_VARIABLE = YES;
				IPHONEOS_DEPLOYMENT_TARGET = 10.0;
				MTL_ENABLE_DEBUG_INFO = NO;
				MTL_FAST_MATH = YES;
				SDKROOT = iphoneos;
				SWIFT_COMPILATION_MODE = wholemodule;
				SWIFT_OPTIMIZATION_LEVEL = "-O";
				VALIDATE_PRODUCT = YES;
			};
			name = Release;
		};
		43CCB98825E19B6E00608108 /* Debug */ = {
			isa = XCBuildConfiguration;
			buildSettings = {
				ASSETCATALOG_COMPILER_APPICON_NAME = AppIcon;
				ASSETCATALOG_COMPILER_GLOBAL_ACCENT_COLOR_NAME = AccentColor;
				CODE_SIGN_ENTITLEMENTS = "Nice_Spot/Supporting files/Nice_Spot.entitlements";
				CODE_SIGN_STYLE = Automatic;
				DEVELOPMENT_TEAM = W8A2PVHCN3;
				INFOPLIST_FILE = "Nice_Spot/Supporting files/Info.plist";
				IPHONEOS_DEPLOYMENT_TARGET = 10.0;
				LD_RUNPATH_SEARCH_PATHS = (
					"$(inherited)",
					"@executable_path/Frameworks",
				);
				PRODUCT_BUNDLE_IDENTIFIER = "fr.hludovic.Nice-Spot";
				PRODUCT_NAME = "$(TARGET_NAME)";
				SWIFT_VERSION = 5.0;
				TARGETED_DEVICE_FAMILY = "1,2";
			};
			name = Debug;
		};
		43CCB98925E19B6E00608108 /* Release */ = {
			isa = XCBuildConfiguration;
			buildSettings = {
				ASSETCATALOG_COMPILER_APPICON_NAME = AppIcon;
				ASSETCATALOG_COMPILER_GLOBAL_ACCENT_COLOR_NAME = AccentColor;
				CODE_SIGN_ENTITLEMENTS = "Nice_Spot/Supporting files/Nice_Spot.entitlements";
				CODE_SIGN_STYLE = Automatic;
				DEVELOPMENT_TEAM = W8A2PVHCN3;
				INFOPLIST_FILE = "Nice_Spot/Supporting files/Info.plist";
				IPHONEOS_DEPLOYMENT_TARGET = 10.0;
				LD_RUNPATH_SEARCH_PATHS = (
					"$(inherited)",
					"@executable_path/Frameworks",
				);
				PRODUCT_BUNDLE_IDENTIFIER = "fr.hludovic.Nice-Spot";
				PRODUCT_NAME = "$(TARGET_NAME)";
				SWIFT_VERSION = 5.0;
				TARGETED_DEVICE_FAMILY = "1,2";
			};
			name = Release;
		};
		43CCB9A925E19E9600608108 /* Debug */ = {
			isa = XCBuildConfiguration;
			buildSettings = {
				BUNDLE_LOADER = "$(TEST_HOST)";
				CODE_SIGN_STYLE = Automatic;
				DEVELOPMENT_TEAM = W8A2PVHCN3;
				INFOPLIST_FILE = Nice_SpotTests/Info.plist;
				IPHONEOS_DEPLOYMENT_TARGET = 14.4;
				LD_RUNPATH_SEARCH_PATHS = (
					"$(inherited)",
					"@executable_path/Frameworks",
					"@loader_path/Frameworks",
				);
				PRODUCT_BUNDLE_IDENTIFIER = "fr.hludovic.Nice-SpotTests";
				PRODUCT_NAME = "$(TARGET_NAME)";
				SWIFT_VERSION = 5.0;
				TARGETED_DEVICE_FAMILY = "1,2";
				TEST_HOST = "$(BUILT_PRODUCTS_DIR)/Nice_Spot.app/Nice_Spot";
			};
			name = Debug;
		};
		43CCB9AA25E19E9600608108 /* Release */ = {
			isa = XCBuildConfiguration;
			buildSettings = {
				BUNDLE_LOADER = "$(TEST_HOST)";
				CODE_SIGN_STYLE = Automatic;
				DEVELOPMENT_TEAM = W8A2PVHCN3;
				INFOPLIST_FILE = Nice_SpotTests/Info.plist;
				IPHONEOS_DEPLOYMENT_TARGET = 14.4;
				LD_RUNPATH_SEARCH_PATHS = (
					"$(inherited)",
					"@executable_path/Frameworks",
					"@loader_path/Frameworks",
				);
				PRODUCT_BUNDLE_IDENTIFIER = "fr.hludovic.Nice-SpotTests";
				PRODUCT_NAME = "$(TARGET_NAME)";
				SWIFT_VERSION = 5.0;
				TARGETED_DEVICE_FAMILY = "1,2";
				TEST_HOST = "$(BUILT_PRODUCTS_DIR)/Nice_Spot.app/Nice_Spot";
			};
			name = Release;
		};
/* End XCBuildConfiguration section */

/* Begin XCConfigurationList section */
		43CCB96E25E19B6D00608108 /* Build configuration list for PBXProject "Nice_Spot" */ = {
			isa = XCConfigurationList;
			buildConfigurations = (
				43CCB98525E19B6E00608108 /* Debug */,
				43CCB98625E19B6E00608108 /* Release */,
			);
			defaultConfigurationIsVisible = 0;
			defaultConfigurationName = Release;
		};
		43CCB98725E19B6E00608108 /* Build configuration list for PBXNativeTarget "Nice_Spot" */ = {
			isa = XCConfigurationList;
			buildConfigurations = (
				43CCB98825E19B6E00608108 /* Debug */,
				43CCB98925E19B6E00608108 /* Release */,
			);
			defaultConfigurationIsVisible = 0;
			defaultConfigurationName = Release;
		};
		43CCB9A825E19E9600608108 /* Build configuration list for PBXNativeTarget "Nice_SpotTests" */ = {
			isa = XCConfigurationList;
			buildConfigurations = (
				43CCB9A925E19E9600608108 /* Debug */,
				43CCB9AA25E19E9600608108 /* Release */,
			);
			defaultConfigurationIsVisible = 0;
			defaultConfigurationName = Release;
		};
/* End XCConfigurationList section */

/* Begin XCVersionGroup section */
		43CCB99825E19D7C00608108 /* Nice_Spot.xcdatamodeld */ = {
			isa = XCVersionGroup;
			children = (
				43CCB99925E19D7C00608108 /* Nice_Spot.xcdatamodel */,
			);
			currentVersion = 43CCB99925E19D7C00608108 /* Nice_Spot.xcdatamodel */;
			path = Nice_Spot.xcdatamodeld;
			sourceTree = "<group>";
			versionGroupType = wrapper.xcdatamodel;
		};
/* End XCVersionGroup section */
	};
	rootObject = 43CCB96B25E19B6D00608108 /* Project object */;
}
